hash: aa6ff1e0a781cdfcd66e939b6224bbdde4f51f7bbd82420cbefcc68b95c5c24c
updated: 2017-09-28T15:59:06.15706396-07:00
imports:
- name: github.com/fluffle/goirc
  version: c981f8f5680c85268c75c68e4945abc55ba70de0
  subpackages:
  - client
  - logging
  - state
- name: github.com/golang/mock
  version: 2b473a1a899b0c9967501477ec03c71c32550cbe
  subpackages:
  - gomock
- name: golang.org/x/net
  version: 0a9397675ba34b2845f758fe3cd68828369c6517
  subpackages:
  - proxy
- name: gopkg.in/yaml.v2
  version: eb3733d160e74a9c7e442f435eb3bea458e1d19f
testImports: []
